
Microsoft Visual Studio Solution File, Format Version 12.00
# Visual Studio Version 17
VisualStudioVersion = 17.3.32825.248
MinimumVisualStudioVersion = 10.0.40219.1
Project("{9A19103F-16F7-4668-BE54-9A1E7A4F7556}") = "ImGui.NET", "ImGui.NET\ImGui.NET.csproj", "{AD548A1D-01B2-410E-B3ED-ADAC05C3C4A3}"
EndProject
Project("{9A19103F-16F7-4668-BE54-9A1E7A4F7556}") = "ImGui.NET.SampleProgram.XNA", "ImGui.NET.SampleProgram.XNA\ImGui.NET.SampleProgram.XNA.csproj", "{3024336E-9A19-475F-A95D-60A60C0B1C0D}"
EndProject
Project("{FAE04EC0-301F-11D3-BF4B-00C04F79EFBC}") = "FNA", "..\..\FNA-220901\FNA\FNA.csproj", "{35253CE1-C864-4CD3-8249-4D1319748E8F}"
EndProject
Global
	GlobalSection(SolutionConfigurationPlatforms) = preSolution
		Debug|Any CPU = Debug|Any CPU
		Debug|x64 = Debug|x64
		Debug|x86 = Debug|x86
		Release|Any CPU = Release|Any CPU
		Release|x64 = Release|x64
		Release|x86 = Release|x86
	EndGlobalSection
	GlobalSection(ProjectConfigurationPlatforms) = postSolution
		{AD548A1D-01B2-410E-B3ED-ADAC05C3C4A3}.Debug|Any CPU.ActiveCfg = Debug|Any CPU
		{AD548A1D-01B2-410E-B3ED-ADAC05C3C4A3}.Debug|Any CPU.Build.0 = Debug|Any CPU
		{AD548A1D-01B2-410E-B3ED-ADAC05C3C4A3}.Debug|x64.ActiveCfg = Debug|Any CPU
		{AD548A1D-01B2-410E-B3ED-ADAC05C3C4A3}.Debug|x64.Build.0 = Debug|Any CPU
		{AD548A1D-01B2-410E-B3ED-ADAC05C3C4A3}.Debug|x86.ActiveCfg = Debug|Any CPU
		{AD548A1D-01B2-410E-B3ED-ADAC05C3C4A3}.Debug|x86.Build.0 = Debug|Any CPU
		{AD548A1D-01B2-410E-B3ED-ADAC05C3C4A3}.Release|Any CPU.ActiveCfg = Release|Any CPU
		{AD548A1D-01B2-410E-B3ED-ADAC05C3C4A3}.Release|Any CPU.Build.0 = Release|Any CPU
		{AD548A1D-01B2-410E-B3ED-ADAC05C3C4A3}.Release|x64.ActiveCfg = Release|Any CPU
		{AD548A1D-01B2-410E-B3ED-ADAC05C3C4A3}.Release|x64.Build.0 = Release|Any CPU
		{AD548A1D-01B2-410E-B3ED-ADAC05C3C4A3}.Release|x86.ActiveCfg = Release|Any CPU
		{AD548A1D-01B2-410E-B3ED-ADAC05C3C4A3}.Release|x86.Build.0 = Release|Any CPU
		{3024336E-9A19-475F-A95D-60A60C0B1C0D}.Debug|Any CPU.ActiveCfg = Debug|Any CPU
		{3024336E-9A19-475F-A95D-60A60C0B1C0D}.Debug|Any CPU.Build.0 = Debug|Any CPU
		{3024336E-9A19-475F-A95D-60A60C0B1C0D}.Debug|x64.ActiveCfg = Debug|Any CPU
		{3024336E-9A19-475F-A95D-60A60C0B1C0D}.Debug|x64.Build.0 = Debug|Any CPU
		{3024336E-9A19-475F-A95D-60A60C0B1C0D}.Debug|x86.ActiveCfg = Debug|Any CPU
		{3024336E-9A19-475F-A95D-60A60C0B1C0D}.Debug|x86.Build.0 = Debug|Any CPU
		{3024336E-9A19-475F-A95D-60A60C0B1C0D}.Release|Any CPU.ActiveCfg = Release|Any CPU
		{3024336E-9A19-475F-A95D-60A60C0B1C0D}.Release|Any CPU.Build.0 = Release|Any CPU
		{3024336E-9A19-475F-A95D-60A60C0B1C0D}.Release|x64.ActiveCfg = Release|Any CPU
		{3024336E-9A19-475F-A95D-60A60C0B1C0D}.Release|x64.Build.0 = Release|Any CPU
		{3024336E-9A19-475F-A95D-60A60C0B1C0D}.Release|x86.ActiveCfg = Release|Any CPU
		{3024336E-9A19-475F-A95D-60A60C0B1C0D}.Release|x86.Build.0 = Release|Any CPU
		{35253CE1-C864-4CD3-8249-4D1319748E8F}.Debug|Any CPU.ActiveCfg = Debug|Any CPU
		{35253CE1-C864-4CD3-8249-4D1319748E8F}.Debug|Any CPU.Build.0 = Debug|Any CPU
		{35253CE1-C864-4CD3-8249-4D1319748E8F}.Debug|x64.ActiveCfg = Debug|x64
		{35253CE1-C864-4CD3-8249-4D1319748E8F}.Debug|x64.Build.0 = Debug|x64
		{35253CE1-C864-4CD3-8249-4D1319748E8F}.Debug|x86.ActiveCfg = Debug|x86
		{35253CE1-C864-4CD3-8249-4D1319748E8F}.Debug|x86.Build.0 = Debug|x86
		{35253CE1-C864-4CD3-8249-4D1319748E8F}.Release|Any CPU.ActiveCfg = Release|Any CPU
		{35253CE1-C864-4CD3-8249-4D1319748E8F}.Release|Any CPU.Build.0 = Release|Any CPU
		{35253CE1-C864-4CD3-8249-4D1319748E8F}.Release|x64.ActiveCfg = Release|x64
		{35253CE1-C864-4CD3-8249-4D1319748E8F}.Release|x64.Build.0 = Release|x64
		{35253CE1-C864-4CD3-8249-4D1319748E8F}.Release|x86.ActiveCfg = Release|x86
		{35253CE1-C864-4CD3-8249-4D1319748E8F}.Release|x86.Build.0 = Release|x86
	EndGlobalSection
	GlobalSection(SolutionProperties) = preSolution
		HideSolutionNode = FALSE
	EndGlobalSection
	GlobalSection(ExtensibilityGlobals) = postSolution
		SolutionGuid = {8B446794-E0C0-469F-ACC9-6650375F8BCF}
	EndGlobalSection
EndGlobal
