
Microsoft Visual Studio Solution File, Format Version 12.00
# Visual Studio Version 17
VisualStudioVersion = 17.7.34024.191
MinimumVisualStudioVersion = 10.0.40219.1
Project("{9A19103F-16F7-4668-BE54-9A1E7A4F7556}") = "Unify2D", "Unify2D\Unify2D.csproj", "{3024336E-9A19-475F-A95D-60A60C0B1C0D}"
EndProject
Project("{FAE04EC0-301F-11D3-BF4B-00C04F79EFBC}") = "FNA", "..\FNA\FNA.csproj", "{35253CE1-C864-4CD3-8249-4D1319748E8F}"
EndProject
Project("{9A19103F-16F7-4668-BE54-9A1E7A4F7556}") = "UnifyCore", "UnifyCore\UnifyCore.csproj", "{D232D47D-4F8A-4DA6-973F-20930984D613}"
EndProject
Project("{9A19103F-16F7-4668-BE54-9A1E7A4F7556}") = "UnifyGame", "UnifyGame\UnifyGame.csproj", "{163DDCAC-9B1D-4842-9026-222C322C0A98}"
EndProject
Project("{9A19103F-16F7-4668-BE54-9A1E7A4F7556}") = "GameAssembly", "GameAssembly\GameAssembly.csproj", "{AEFD30A5-4FAD-4DF5-A7CE-78FFDA35DB60}"
EndProject
Project("{9A19103F-16F7-4668-BE54-9A1E7A4F7556}") = "VelcroPhysics", "..\VelcroPhysics-master-TEMP\src\VelcroPhysics\VelcroPhysics.csproj", "{4D7FC1E5-4859-4735-A510-E7F21179B3C0}"
EndProject
Global
	GlobalSection(SolutionConfigurationPlatforms) = preSolution
		Debug|Any CPU = Debug|Any CPU
		Debug|x64 = Debug|x64
		Debug|x86 = Debug|x86
		LinuxDebug|Any CPU = LinuxDebug|Any CPU
		LinuxDebug|x64 = LinuxDebug|x64
		LinuxDebug|x86 = LinuxDebug|x86
		LinuxRelease|Any CPU = LinuxRelease|Any CPU
		LinuxRelease|x64 = LinuxRelease|x64
		LinuxRelease|x86 = LinuxRelease|x86
		Release|Any CPU = Release|Any CPU
		Release|x64 = Release|x64
		Release|x86 = Release|x86
		WindowsDebug|Any CPU = WindowsDebug|Any CPU
		WindowsDebug|x64 = WindowsDebug|x64
		WindowsDebug|x86 = WindowsDebug|x86
		WindowsRelease|Any CPU = WindowsRelease|Any CPU
		WindowsRelease|x64 = WindowsRelease|x64
		WindowsRelease|x86 = WindowsRelease|x86
	EndGlobalSection
	GlobalSection(ProjectConfigurationPlatforms) = postSolution
		{3024336E-9A19-475F-A95D-60A60C0B1C0D}.Debug|Any CPU.ActiveCfg = Debug|Any CPU
		{3024336E-9A19-475F-A95D-60A60C0B1C0D}.Debug|Any CPU.Build.0 = Debug|Any CPU
		{3024336E-9A19-475F-A95D-60A60C0B1C0D}.Debug|x64.ActiveCfg = Debug|Any CPU
		{3024336E-9A19-475F-A95D-60A60C0B1C0D}.Debug|x64.Build.0 = Debug|Any CPU
		{3024336E-9A19-475F-A95D-60A60C0B1C0D}.Debug|x86.ActiveCfg = Debug|Any CPU
		{3024336E-9A19-475F-A95D-60A60C0B1C0D}.Debug|x86.Build.0 = Debug|Any CPU
		{3024336E-9A19-475F-A95D-60A60C0B1C0D}.LinuxDebug|Any CPU.ActiveCfg = Debug|Any CPU
		{3024336E-9A19-475F-A95D-60A60C0B1C0D}.LinuxDebug|Any CPU.Build.0 = Debug|Any CPU
		{3024336E-9A19-475F-A95D-60A60C0B1C0D}.LinuxDebug|x64.ActiveCfg = Debug|Any CPU
		{3024336E-9A19-475F-A95D-60A60C0B1C0D}.LinuxDebug|x64.Build.0 = Debug|Any CPU
		{3024336E-9A19-475F-A95D-60A60C0B1C0D}.LinuxDebug|x86.ActiveCfg = Debug|Any CPU
		{3024336E-9A19-475F-A95D-60A60C0B1C0D}.LinuxDebug|x86.Build.0 = Debug|Any CPU
		{3024336E-9A19-475F-A95D-60A60C0B1C0D}.LinuxRelease|Any CPU.ActiveCfg = Release|Any CPU
		{3024336E-9A19-475F-A95D-60A60C0B1C0D}.LinuxRelease|Any CPU.Build.0 = Release|Any CPU
		{3024336E-9A19-475F-A95D-60A60C0B1C0D}.LinuxRelease|x64.ActiveCfg = Release|Any CPU
		{3024336E-9A19-475F-A95D-60A60C0B1C0D}.LinuxRelease|x64.Build.0 = Release|Any CPU
		{3024336E-9A19-475F-A95D-60A60C0B1C0D}.LinuxRelease|x86.ActiveCfg = Release|Any CPU
		{3024336E-9A19-475F-A95D-60A60C0B1C0D}.LinuxRelease|x86.Build.0 = Release|Any CPU
		{3024336E-9A19-475F-A95D-60A60C0B1C0D}.Release|Any CPU.ActiveCfg = Release|Any CPU
		{3024336E-9A19-475F-A95D-60A60C0B1C0D}.Release|Any CPU.Build.0 = Release|Any CPU
		{3024336E-9A19-475F-A95D-60A60C0B1C0D}.Release|x64.ActiveCfg = Release|Any CPU
		{3024336E-9A19-475F-A95D-60A60C0B1C0D}.Release|x64.Build.0 = Release|Any CPU
		{3024336E-9A19-475F-A95D-60A60C0B1C0D}.Release|x86.ActiveCfg = Release|Any CPU
		{3024336E-9A19-475F-A95D-60A60C0B1C0D}.Release|x86.Build.0 = Release|Any CPU
		{3024336E-9A19-475F-A95D-60A60C0B1C0D}.WindowsDebug|Any CPU.ActiveCfg = Debug|Any CPU
		{3024336E-9A19-475F-A95D-60A60C0B1C0D}.WindowsDebug|Any CPU.Build.0 = Debug|Any CPU
		{3024336E-9A19-475F-A95D-60A60C0B1C0D}.WindowsDebug|x64.ActiveCfg = Debug|Any CPU
		{3024336E-9A19-475F-A95D-60A60C0B1C0D}.WindowsDebug|x64.Build.0 = Debug|Any CPU
		{3024336E-9A19-475F-A95D-60A60C0B1C0D}.WindowsDebug|x86.ActiveCfg = Debug|Any CPU
		{3024336E-9A19-475F-A95D-60A60C0B1C0D}.WindowsDebug|x86.Build.0 = Debug|Any CPU
		{3024336E-9A19-475F-A95D-60A60C0B1C0D}.WindowsRelease|Any CPU.ActiveCfg = Release|Any CPU
		{3024336E-9A19-475F-A95D-60A60C0B1C0D}.WindowsRelease|Any CPU.Build.0 = Release|Any CPU
		{3024336E-9A19-475F-A95D-60A60C0B1C0D}.WindowsRelease|x64.ActiveCfg = Release|Any CPU
		{3024336E-9A19-475F-A95D-60A60C0B1C0D}.WindowsRelease|x64.Build.0 = Release|Any CPU
		{3024336E-9A19-475F-A95D-60A60C0B1C0D}.WindowsRelease|x86.ActiveCfg = Release|Any CPU
		{3024336E-9A19-475F-A95D-60A60C0B1C0D}.WindowsRelease|x86.Build.0 = Release|Any CPU
		{35253CE1-C864-4CD3-8249-4D1319748E8F}.Debug|Any CPU.ActiveCfg = Debug|Any CPU
		{35253CE1-C864-4CD3-8249-4D1319748E8F}.Debug|Any CPU.Build.0 = Debug|Any CPU
		{35253CE1-C864-4CD3-8249-4D1319748E8F}.Debug|x64.ActiveCfg = Debug|x64
		{35253CE1-C864-4CD3-8249-4D1319748E8F}.Debug|x64.Build.0 = Debug|x64
		{35253CE1-C864-4CD3-8249-4D1319748E8F}.Debug|x86.ActiveCfg = Debug|x86
		{35253CE1-C864-4CD3-8249-4D1319748E8F}.Debug|x86.Build.0 = Debug|x86
		{35253CE1-C864-4CD3-8249-4D1319748E8F}.LinuxDebug|Any CPU.ActiveCfg = Debug|Any CPU
		{35253CE1-C864-4CD3-8249-4D1319748E8F}.LinuxDebug|Any CPU.Build.0 = Debug|Any CPU
		{35253CE1-C864-4CD3-8249-4D1319748E8F}.LinuxDebug|x64.ActiveCfg = Debug|x64
		{35253CE1-C864-4CD3-8249-4D1319748E8F}.LinuxDebug|x64.Build.0 = Debug|x64
		{35253CE1-C864-4CD3-8249-4D1319748E8F}.LinuxDebug|x86.ActiveCfg = Debug|x86
		{35253CE1-C864-4CD3-8249-4D1319748E8F}.LinuxDebug|x86.Build.0 = Debug|x86
		{35253CE1-C864-4CD3-8249-4D1319748E8F}.LinuxRelease|Any CPU.ActiveCfg = Release|Any CPU
		{35253CE1-C864-4CD3-8249-4D1319748E8F}.LinuxRelease|Any CPU.Build.0 = Release|Any CPU
		{35253CE1-C864-4CD3-8249-4D1319748E8F}.LinuxRelease|x64.ActiveCfg = Release|x64
		{35253CE1-C864-4CD3-8249-4D1319748E8F}.LinuxRelease|x64.Build.0 = Release|x64
		{35253CE1-C864-4CD3-8249-4D1319748E8F}.LinuxRelease|x86.ActiveCfg = Release|x86
		{35253CE1-C864-4CD3-8249-4D1319748E8F}.LinuxRelease|x86.Build.0 = Release|x86
		{35253CE1-C864-4CD3-8249-4D1319748E8F}.Release|Any CPU.ActiveCfg = Release|Any CPU
		{35253CE1-C864-4CD3-8249-4D1319748E8F}.Release|Any CPU.Build.0 = Release|Any CPU
		{35253CE1-C864-4CD3-8249-4D1319748E8F}.Release|x64.ActiveCfg = Release|x64
		{35253CE1-C864-4CD3-8249-4D1319748E8F}.Release|x64.Build.0 = Release|x64
		{35253CE1-C864-4CD3-8249-4D1319748E8F}.Release|x86.ActiveCfg = Release|x86
		{35253CE1-C864-4CD3-8249-4D1319748E8F}.Release|x86.Build.0 = Release|x86
		{35253CE1-C864-4CD3-8249-4D1319748E8F}.WindowsDebug|Any CPU.ActiveCfg = Debug|Any CPU
		{35253CE1-C864-4CD3-8249-4D1319748E8F}.WindowsDebug|Any CPU.Build.0 = Debug|Any CPU
		{35253CE1-C864-4CD3-8249-4D1319748E8F}.WindowsDebug|x64.ActiveCfg = Debug|x64
		{35253CE1-C864-4CD3-8249-4D1319748E8F}.WindowsDebug|x64.Build.0 = Debug|x64
		{35253CE1-C864-4CD3-8249-4D1319748E8F}.WindowsDebug|x86.ActiveCfg = Debug|x86
		{35253CE1-C864-4CD3-8249-4D1319748E8F}.WindowsDebug|x86.Build.0 = Debug|x86
		{35253CE1-C864-4CD3-8249-4D1319748E8F}.WindowsRelease|Any CPU.ActiveCfg = Release|Any CPU
		{35253CE1-C864-4CD3-8249-4D1319748E8F}.WindowsRelease|Any CPU.Build.0 = Release|Any CPU
		{35253CE1-C864-4CD3-8249-4D1319748E8F}.WindowsRelease|x64.ActiveCfg = Release|x64
		{35253CE1-C864-4CD3-8249-4D1319748E8F}.WindowsRelease|x64.Build.0 = Release|x64
		{35253CE1-C864-4CD3-8249-4D1319748E8F}.WindowsRelease|x86.ActiveCfg = Release|x86
		{35253CE1-C864-4CD3-8249-4D1319748E8F}.WindowsRelease|x86.Build.0 = Release|x86
		{D232D47D-4F8A-4DA6-973F-20930984D613}.Debug|Any CPU.ActiveCfg = Debug|Any CPU
		{D232D47D-4F8A-4DA6-973F-20930984D613}.Debug|Any CPU.Build.0 = Debug|Any CPU
		{D232D47D-4F8A-4DA6-973F-20930984D613}.Debug|x64.ActiveCfg = Debug|Any CPU
		{D232D47D-4F8A-4DA6-973F-20930984D613}.Debug|x64.Build.0 = Debug|Any CPU
		{D232D47D-4F8A-4DA6-973F-20930984D613}.Debug|x86.ActiveCfg = Debug|Any CPU
		{D232D47D-4F8A-4DA6-973F-20930984D613}.Debug|x86.Build.0 = Debug|Any CPU
		{D232D47D-4F8A-4DA6-973F-20930984D613}.LinuxDebug|Any CPU.ActiveCfg = Debug|Any CPU
		{D232D47D-4F8A-4DA6-973F-20930984D613}.LinuxDebug|Any CPU.Build.0 = Debug|Any CPU
		{D232D47D-4F8A-4DA6-973F-20930984D613}.LinuxDebug|x64.ActiveCfg = Debug|Any CPU
		{D232D47D-4F8A-4DA6-973F-20930984D613}.LinuxDebug|x64.Build.0 = Debug|Any CPU
		{D232D47D-4F8A-4DA6-973F-20930984D613}.LinuxDebug|x86.ActiveCfg = Debug|Any CPU
		{D232D47D-4F8A-4DA6-973F-20930984D613}.LinuxDebug|x86.Build.0 = Debug|Any CPU
		{D232D47D-4F8A-4DA6-973F-20930984D613}.LinuxRelease|Any CPU.ActiveCfg = Release|Any CPU
		{D232D47D-4F8A-4DA6-973F-20930984D613}.LinuxRelease|Any CPU.Build.0 = Release|Any CPU
		{D232D47D-4F8A-4DA6-973F-20930984D613}.LinuxRelease|x64.ActiveCfg = Release|Any CPU
		{D232D47D-4F8A-4DA6-973F-20930984D613}.LinuxRelease|x64.Build.0 = Release|Any CPU
		{D232D47D-4F8A-4DA6-973F-20930984D613}.LinuxRelease|x86.ActiveCfg = Release|Any CPU
		{D232D47D-4F8A-4DA6-973F-20930984D613}.LinuxRelease|x86.Build.0 = Release|Any CPU
		{D232D47D-4F8A-4DA6-973F-20930984D613}.Release|Any CPU.ActiveCfg = Release|Any CPU
		{D232D47D-4F8A-4DA6-973F-20930984D613}.Release|Any CPU.Build.0 = Release|Any CPU
		{D232D47D-4F8A-4DA6-973F-20930984D613}.Release|x64.ActiveCfg = Release|Any CPU
		{D232D47D-4F8A-4DA6-973F-20930984D613}.Release|x64.Build.0 = Release|Any CPU
		{D232D47D-4F8A-4DA6-973F-20930984D613}.Release|x86.ActiveCfg = Release|Any CPU
		{D232D47D-4F8A-4DA6-973F-20930984D613}.Release|x86.Build.0 = Release|Any CPU
		{D232D47D-4F8A-4DA6-973F-20930984D613}.WindowsDebug|Any CPU.ActiveCfg = Debug|Any CPU
		{D232D47D-4F8A-4DA6-973F-20930984D613}.WindowsDebug|Any CPU.Build.0 = Debug|Any CPU
		{D232D47D-4F8A-4DA6-973F-20930984D613}.WindowsDebug|x64.ActiveCfg = Debug|Any CPU
		{D232D47D-4F8A-4DA6-973F-20930984D613}.WindowsDebug|x64.Build.0 = Debug|Any CPU
		{D232D47D-4F8A-4DA6-973F-20930984D613}.WindowsDebug|x86.ActiveCfg = Debug|Any CPU
		{D232D47D-4F8A-4DA6-973F-20930984D613}.WindowsDebug|x86.Build.0 = Debug|Any CPU
		{D232D47D-4F8A-4DA6-973F-20930984D613}.WindowsRelease|Any CPU.ActiveCfg = Release|Any CPU
		{D232D47D-4F8A-4DA6-973F-20930984D613}.WindowsRelease|Any CPU.Build.0 = Release|Any CPU
		{D232D47D-4F8A-4DA6-973F-20930984D613}.WindowsRelease|x64.ActiveCfg = Release|Any CPU
		{D232D47D-4F8A-4DA6-973F-20930984D613}.WindowsRelease|x64.Build.0 = Release|Any CPU
		{D232D47D-4F8A-4DA6-973F-20930984D613}.WindowsRelease|x86.ActiveCfg = Release|Any CPU
		{D232D47D-4F8A-4DA6-973F-20930984D613}.WindowsRelease|x86.Build.0 = Release|Any CPU
		{163DDCAC-9B1D-4842-9026-222C322C0A98}.Debug|Any CPU.ActiveCfg = Debug|Any CPU
		{163DDCAC-9B1D-4842-9026-222C322C0A98}.Debug|Any CPU.Build.0 = Debug|Any CPU
		{163DDCAC-9B1D-4842-9026-222C322C0A98}.Debug|x64.ActiveCfg = Debug|Any CPU
		{163DDCAC-9B1D-4842-9026-222C322C0A98}.Debug|x64.Build.0 = Debug|Any CPU
		{163DDCAC-9B1D-4842-9026-222C322C0A98}.Debug|x86.ActiveCfg = Debug|Any CPU
		{163DDCAC-9B1D-4842-9026-222C322C0A98}.Debug|x86.Build.0 = Debug|Any CPU
		{163DDCAC-9B1D-4842-9026-222C322C0A98}.LinuxDebug|Any CPU.ActiveCfg = Debug|Any CPU
		{163DDCAC-9B1D-4842-9026-222C322C0A98}.LinuxDebug|Any CPU.Build.0 = Debug|Any CPU
		{163DDCAC-9B1D-4842-9026-222C322C0A98}.LinuxDebug|x64.ActiveCfg = Debug|Any CPU
		{163DDCAC-9B1D-4842-9026-222C322C0A98}.LinuxDebug|x64.Build.0 = Debug|Any CPU
		{163DDCAC-9B1D-4842-9026-222C322C0A98}.LinuxDebug|x86.ActiveCfg = Debug|Any CPU
		{163DDCAC-9B1D-4842-9026-222C322C0A98}.LinuxDebug|x86.Build.0 = Debug|Any CPU
		{163DDCAC-9B1D-4842-9026-222C322C0A98}.LinuxRelease|Any CPU.ActiveCfg = Release|Any CPU
		{163DDCAC-9B1D-4842-9026-222C322C0A98}.LinuxRelease|Any CPU.Build.0 = Release|Any CPU
		{163DDCAC-9B1D-4842-9026-222C322C0A98}.LinuxRelease|x64.ActiveCfg = Release|Any CPU
		{163DDCAC-9B1D-4842-9026-222C322C0A98}.LinuxRelease|x64.Build.0 = Release|Any CPU
		{163DDCAC-9B1D-4842-9026-222C322C0A98}.LinuxRelease|x86.ActiveCfg = Release|Any CPU
		{163DDCAC-9B1D-4842-9026-222C322C0A98}.LinuxRelease|x86.Build.0 = Release|Any CPU
		{163DDCAC-9B1D-4842-9026-222C322C0A98}.Release|Any CPU.ActiveCfg = Release|Any CPU
		{163DDCAC-9B1D-4842-9026-222C322C0A98}.Release|Any CPU.Build.0 = Release|Any CPU
		{163DDCAC-9B1D-4842-9026-222C322C0A98}.Release|x64.ActiveCfg = Release|Any CPU
		{163DDCAC-9B1D-4842-9026-222C322C0A98}.Release|x64.Build.0 = Release|Any CPU
		{163DDCAC-9B1D-4842-9026-222C322C0A98}.Release|x86.ActiveCfg = Release|Any CPU
		{163DDCAC-9B1D-4842-9026-222C322C0A98}.Release|x86.Build.0 = Release|Any CPU
		{163DDCAC-9B1D-4842-9026-222C322C0A98}.WindowsDebug|Any CPU.ActiveCfg = Debug|Any CPU
		{163DDCAC-9B1D-4842-9026-222C322C0A98}.WindowsDebug|Any CPU.Build.0 = Debug|Any CPU
		{163DDCAC-9B1D-4842-9026-222C322C0A98}.WindowsDebug|x64.ActiveCfg = Debug|Any CPU
		{163DDCAC-9B1D-4842-9026-222C322C0A98}.WindowsDebug|x64.Build.0 = Debug|Any CPU
		{163DDCAC-9B1D-4842-9026-222C322C0A98}.WindowsDebug|x86.ActiveCfg = Debug|Any CPU
		{163DDCAC-9B1D-4842-9026-222C322C0A98}.WindowsDebug|x86.Build.0 = Debug|Any CPU
		{163DDCAC-9B1D-4842-9026-222C322C0A98}.WindowsRelease|Any CPU.ActiveCfg = Release|Any CPU
		{163DDCAC-9B1D-4842-9026-222C322C0A98}.WindowsRelease|Any CPU.Build.0 = Release|Any CPU
		{163DDCAC-9B1D-4842-9026-222C322C0A98}.WindowsRelease|x64.ActiveCfg = Release|Any CPU
		{163DDCAC-9B1D-4842-9026-222C322C0A98}.WindowsRelease|x64.Build.0 = Release|Any CPU
		{163DDCAC-9B1D-4842-9026-222C322C0A98}.WindowsRelease|x86.ActiveCfg = Release|Any CPU
		{163DDCAC-9B1D-4842-9026-222C322C0A98}.WindowsRelease|x86.Build.0 = Release|Any CPU
		{AEFD30A5-4FAD-4DF5-A7CE-78FFDA35DB60}.Debug|Any CPU.ActiveCfg = Debug|Any CPU
		{AEFD30A5-4FAD-4DF5-A7CE-78FFDA35DB60}.Debug|Any CPU.Build.0 = Debug|Any CPU
		{AEFD30A5-4FAD-4DF5-A7CE-78FFDA35DB60}.Debug|x64.ActiveCfg = Debug|Any CPU
		{AEFD30A5-4FAD-4DF5-A7CE-78FFDA35DB60}.Debug|x64.Build.0 = Debug|Any CPU
		{AEFD30A5-4FAD-4DF5-A7CE-78FFDA35DB60}.Debug|x86.ActiveCfg = Debug|Any CPU
		{AEFD30A5-4FAD-4DF5-A7CE-78FFDA35DB60}.Debug|x86.Build.0 = Debug|Any CPU
		{AEFD30A5-4FAD-4DF5-A7CE-78FFDA35DB60}.LinuxDebug|Any CPU.ActiveCfg = Debug|Any CPU
		{AEFD30A5-4FAD-4DF5-A7CE-78FFDA35DB60}.LinuxDebug|Any CPU.Build.0 = Debug|Any CPU
		{AEFD30A5-4FAD-4DF5-A7CE-78FFDA35DB60}.LinuxDebug|x64.ActiveCfg = Debug|Any CPU
		{AEFD30A5-4FAD-4DF5-A7CE-78FFDA35DB60}.LinuxDebug|x64.Build.0 = Debug|Any CPU
		{AEFD30A5-4FAD-4DF5-A7CE-78FFDA35DB60}.LinuxDebug|x86.ActiveCfg = Debug|Any CPU
		{AEFD30A5-4FAD-4DF5-A7CE-78FFDA35DB60}.LinuxDebug|x86.Build.0 = Debug|Any CPU
		{AEFD30A5-4FAD-4DF5-A7CE-78FFDA35DB60}.LinuxRelease|Any CPU.ActiveCfg = Release|Any CPU
		{AEFD30A5-4FAD-4DF5-A7CE-78FFDA35DB60}.LinuxRelease|Any CPU.Build.0 = Release|Any CPU
		{AEFD30A5-4FAD-4DF5-A7CE-78FFDA35DB60}.LinuxRelease|x64.ActiveCfg = Release|Any CPU
		{AEFD30A5-4FAD-4DF5-A7CE-78FFDA35DB60}.LinuxRelease|x64.Build.0 = Release|Any CPU
		{AEFD30A5-4FAD-4DF5-A7CE-78FFDA35DB60}.LinuxRelease|x86.ActiveCfg = Release|Any CPU
		{AEFD30A5-4FAD-4DF5-A7CE-78FFDA35DB60}.LinuxRelease|x86.Build.0 = Release|Any CPU
		{AEFD30A5-4FAD-4DF5-A7CE-78FFDA35DB60}.Release|Any CPU.ActiveCfg = Release|Any CPU
		{AEFD30A5-4FAD-4DF5-A7CE-78FFDA35DB60}.Release|Any CPU.Build.0 = Release|Any CPU
		{AEFD30A5-4FAD-4DF5-A7CE-78FFDA35DB60}.Release|x64.ActiveCfg = Release|Any CPU
		{AEFD30A5-4FAD-4DF5-A7CE-78FFDA35DB60}.Release|x64.Build.0 = Release|Any CPU
		{AEFD30A5-4FAD-4DF5-A7CE-78FFDA35DB60}.Release|x86.ActiveCfg = Release|Any CPU
		{AEFD30A5-4FAD-4DF5-A7CE-78FFDA35DB60}.Release|x86.Build.0 = Release|Any CPU
		{AEFD30A5-4FAD-4DF5-A7CE-78FFDA35DB60}.WindowsDebug|Any CPU.ActiveCfg = Debug|Any CPU
		{AEFD30A5-4FAD-4DF5-A7CE-78FFDA35DB60}.WindowsDebug|Any CPU.Build.0 = Debug|Any CPU
		{AEFD30A5-4FAD-4DF5-A7CE-78FFDA35DB60}.WindowsDebug|x64.ActiveCfg = Debug|Any CPU
		{AEFD30A5-4FAD-4DF5-A7CE-78FFDA35DB60}.WindowsDebug|x64.Build.0 = Debug|Any CPU
		{AEFD30A5-4FAD-4DF5-A7CE-78FFDA35DB60}.WindowsDebug|x86.ActiveCfg = Debug|Any CPU
		{AEFD30A5-4FAD-4DF5-A7CE-78FFDA35DB60}.WindowsDebug|x86.Build.0 = Debug|Any CPU
		{AEFD30A5-4FAD-4DF5-A7CE-78FFDA35DB60}.WindowsRelease|Any CPU.ActiveCfg = Release|Any CPU
		{AEFD30A5-4FAD-4DF5-A7CE-78FFDA35DB60}.WindowsRelease|Any CPU.Build.0 = Release|Any CPU
		{AEFD30A5-4FAD-4DF5-A7CE-78FFDA35DB60}.WindowsRelease|x64.ActiveCfg = Release|Any CPU
		{AEFD30A5-4FAD-4DF5-A7CE-78FFDA35DB60}.WindowsRelease|x64.Build.0 = Release|Any CPU
		{AEFD30A5-4FAD-4DF5-A7CE-78FFDA35DB60}.WindowsRelease|x86.ActiveCfg = Release|Any CPU
		{AEFD30A5-4FAD-4DF5-A7CE-78FFDA35DB60}.WindowsRelease|x86.Build.0 = Release|Any CPU
		{4D7FC1E5-4859-4735-A510-E7F21179B3C0}.Debug|Any CPU.ActiveCfg = WindowsDebug|Any CPU
		{4D7FC1E5-4859-4735-A510-E7F21179B3C0}.Debug|Any CPU.Build.0 = WindowsDebug|Any CPU
		{4D7FC1E5-4859-4735-A510-E7F21179B3C0}.Debug|x64.ActiveCfg = WindowsDebug|Any CPU
		{4D7FC1E5-4859-4735-A510-E7F21179B3C0}.Debug|x64.Build.0 = WindowsDebug|Any CPU
		{4D7FC1E5-4859-4735-A510-E7F21179B3C0}.Debug|x86.ActiveCfg = WindowsDebug|Any CPU
		{4D7FC1E5-4859-4735-A510-E7F21179B3C0}.Debug|x86.Build.0 = WindowsDebug|Any CPU
		{4D7FC1E5-4859-4735-A510-E7F21179B3C0}.LinuxDebug|Any CPU.ActiveCfg = LinuxDebug|Any CPU
		{4D7FC1E5-4859-4735-A510-E7F21179B3C0}.LinuxDebug|Any CPU.Build.0 = LinuxDebug|Any CPU
		{4D7FC1E5-4859-4735-A510-E7F21179B3C0}.LinuxDebug|x64.ActiveCfg = LinuxDebug|Any CPU
		{4D7FC1E5-4859-4735-A510-E7F21179B3C0}.LinuxDebug|x64.Build.0 = LinuxDebug|Any CPU
		{4D7FC1E5-4859-4735-A510-E7F21179B3C0}.LinuxDebug|x86.ActiveCfg = LinuxDebug|Any CPU
		{4D7FC1E5-4859-4735-A510-E7F21179B3C0}.LinuxDebug|x86.Build.0 = LinuxDebug|Any CPU
		{4D7FC1E5-4859-4735-A510-E7F21179B3C0}.LinuxRelease|Any CPU.ActiveCfg = LinuxRelease|Any CPU
		{4D7FC1E5-4859-4735-A510-E7F21179B3C0}.LinuxRelease|Any CPU.Build.0 = LinuxRelease|Any CPU
		{4D7FC1E5-4859-4735-A510-E7F21179B3C0}.LinuxRelease|x64.ActiveCfg = LinuxRelease|Any CPU
		{4D7FC1E5-4859-4735-A510-E7F21179B3C0}.LinuxRelease|x64.Build.0 = LinuxRelease|Any CPU
		{4D7FC1E5-4859-4735-A510-E7F21179B3C0}.LinuxRelease|x86.ActiveCfg = LinuxRelease|Any CPU
		{4D7FC1E5-4859-4735-A510-E7F21179B3C0}.LinuxRelease|x86.Build.0 = LinuxRelease|Any CPU
		{4D7FC1E5-4859-4735-A510-E7F21179B3C0}.Release|Any CPU.ActiveCfg = WindowsRelease|Any CPU
		{4D7FC1E5-4859-4735-A510-E7F21179B3C0}.Release|Any CPU.Build.0 = WindowsRelease|Any CPU
		{4D7FC1E5-4859-4735-A510-E7F21179B3C0}.Release|x64.ActiveCfg = WindowsRelease|Any CPU
		{4D7FC1E5-4859-4735-A510-E7F21179B3C0}.Release|x64.Build.0 = WindowsRelease|Any CPU
		{4D7FC1E5-4859-4735-A510-E7F21179B3C0}.Release|x86.ActiveCfg = WindowsRelease|Any CPU
		{4D7FC1E5-4859-4735-A510-E7F21179B3C0}.Release|x86.Build.0 = WindowsRelease|Any CPU
		{4D7FC1E5-4859-4735-A510-E7F21179B3C0}.WindowsDebug|Any CPU.ActiveCfg = WindowsDebug|Any CPU
		{4D7FC1E5-4859-4735-A510-E7F21179B3C0}.WindowsDebug|Any CPU.Build.0 = WindowsDebug|Any CPU
		{4D7FC1E5-4859-4735-A510-E7F21179B3C0}.WindowsDebug|x64.ActiveCfg = WindowsDebug|Any CPU
		{4D7FC1E5-4859-4735-A510-E7F21179B3C0}.WindowsDebug|x64.Build.0 = WindowsDebug|Any CPU
		{4D7FC1E5-4859-4735-A510-E7F21179B3C0}.WindowsDebug|x86.ActiveCfg = WindowsDebug|Any CPU
		{4D7FC1E5-4859-4735-A510-E7F21179B3C0}.WindowsDebug|x86.Build.0 = WindowsDebug|Any CPU
		{4D7FC1E5-4859-4735-A510-E7F21179B3C0}.WindowsRelease|Any CPU.ActiveCfg = WindowsRelease|Any CPU
		{4D7FC1E5-4859-4735-A510-E7F21179B3C0}.WindowsRelease|Any CPU.Build.0 = WindowsRelease|Any CPU
		{4D7FC1E5-4859-4735-A510-E7F21179B3C0}.WindowsRelease|x64.ActiveCfg = WindowsRelease|Any CPU
		{4D7FC1E5-4859-4735-A510-E7F21179B3C0}.WindowsRelease|x64.Build.0 = WindowsRelease|Any CPU
		{4D7FC1E5-4859-4735-A510-E7F21179B3C0}.WindowsRelease|x86.ActiveCfg = WindowsRelease|Any CPU
		{4D7FC1E5-4859-4735-A510-E7F21179B3C0}.WindowsRelease|x86.Build.0 = WindowsRelease|Any CPU
	EndGlobalSection
	GlobalSection(SolutionProperties) = preSolution
		HideSolutionNode = FALSE
	EndGlobalSection
	GlobalSection(ExtensibilityGlobals) = postSolution
		SolutionGuid = {8B446794-E0C0-469F-ACC9-6650375F8BCF}
	EndGlobalSection
EndGlobal
